
Microsoft Visual Studio Solution File, Format Version 12.00
# Visual Studio Version 16
VisualStudioVersion = 16.0.30011.22
MinimumVisualStudioVersion = 10.0.40219.1
Project("{FAE04EC0-301F-11D3-BF4B-00C04F79EFBC}") = "Cricket_Match_Ticket_Jassi", "Cricket_Match_Ticket_Jassi\Cricket_Match_Ticket_Jassi.csproj", "{5D6C7DD2-84B8-42DA-BBC7-E8D3570CD961}"
EndProject
Global
	GlobalSection(SolutionConfigurationPlatforms) = preSolution
		Debug|Any CPU = Debug|Any CPU
		Release|Any CPU = Release|Any CPU
	EndGlobalSection
	GlobalSection(ProjectConfigurationPlatforms) = postSolution
		{5D6C7DD2-84B8-42DA-BBC7-E8D3570CD961}.Debug|Any CPU.ActiveCfg = Debug|Any CPU
		{5D6C7DD2-84B8-42DA-BBC7-E8D3570CD961}.Debug|Any CPU.Build.0 = Debug|Any CPU
		{5D6C7DD2-84B8-42DA-BBC7-E8D3570CD961}.Release|Any CPU.ActiveCfg = Release|Any CPU
		{5D6C7DD2-84B8-42DA-BBC7-E8D3570CD961}.Release|Any CPU.Build.0 = Release|Any CPU
	EndGlobalSection
	GlobalSection(SolutionProperties) = preSolution
		HideSolutionNode = FALSE
	EndGlobalSection
	GlobalSection(ExtensibilityGlobals) = postSolution
		SolutionGuid = {81A0A1AC-3862-4214-9B61-73657271B23D}
	EndGlobalSection
EndGlobal
